
Microsoft Visual Studio Solution File, Format Version 12.00
# Visual Studio 15
Project("{FAE04EC0-301F-11D3-BF4B-00C04F79EFBC}") = "A", "A\A.csproj", "{CD4A3D2C-4C99-430D-8467-8FEB3D79E142}"
EndProject
Global
	GlobalSection(SolutionConfigurationPlatforms) = preSolution
		Debug|anycpu = Debug|anycpu
		Release|anycpu = Release|anycpu
	EndGlobalSection
	GlobalSection(ProjectConfigurationPlatforms) = postSolution
		{CD4A3D2C-4C99-430D-8467-8FEB3D79E142}.Debug|anycpu.ActiveCfg = Debug|anycpu
		{CD4A3D2C-4C99-430D-8467-8FEB3D79E142}.Debug|anycpu.Build.0 = Debug|anycpu
		{CD4A3D2C-4C99-430D-8467-8FEB3D79E142}.Release|anycpu.ActiveCfg = Release|anycpu
		{CD4A3D2C-4C99-430D-8467-8FEB3D79E142}.Release|anycpu.Build.0 = Release|anycpu
	EndGlobalSection
EndGlobal
